// !$*UTF8*$!
{
	archiveVersion = 1;
	classes = {
	};
	objectVersion = 60;
	objects = {

/* Begin PBXBuildFile section */
		51251E3A2BA2054F0058BB0A /* CoordinatedNavigationExampleApp.swift in Sources */ = {isa = PBXBuildFile; fileRef = 51251E392BA2054F0058BB0A /* CoordinatedNavigationExampleApp.swift */; };
		51251E3E2BA205500058BB0A /* Assets.xcassets in Resources */ = {isa = PBXBuildFile; fileRef = 51251E3D2BA205500058BB0A /* Assets.xcassets */; };
		51251E412BA205500058BB0A /* Preview Assets.xcassets in Resources */ = {isa = PBXBuildFile; fileRef = 51251E402BA205500058BB0A /* Preview Assets.xcassets */; };
		51251E4B2BA205500058BB0A /* CoordinatedNavigationExampleTests.swift in Sources */ = {isa = PBXBuildFile; fileRef = 51251E4A2BA205500058BB0A /* CoordinatedNavigationExampleTests.swift */; };
		51251E552BA205500058BB0A /* CoordinatedNavigationExampleUITests.swift in Sources */ = {isa = PBXBuildFile; fileRef = 51251E542BA205500058BB0A /* CoordinatedNavigationExampleUITests.swift */; };
		51251E572BA205500058BB0A /* CoordinatedNavigationExampleUITestsLaunchTests.swift in Sources */ = {isa = PBXBuildFile; fileRef = 51251E562BA205500058BB0A /* CoordinatedNavigationExampleUITestsLaunchTests.swift */; };
		51321FDB2BD1539600DE29C2 /* CoordinatedNavigation in Frameworks */ = {isa = PBXBuildFile; productRef = 51321FDA2BD1539600DE29C2 /* CoordinatedNavigation */; };
		51531C202BD5A17C00B39395 /* ExampleC.swift in Sources */ = {isa = PBXBuildFile; fileRef = 51531C1F2BD5A17C00B39395 /* ExampleC.swift */; };
		51AA34712BC54BA30033316C /* ExampleA.swift in Sources */ = {isa = PBXBuildFile; fileRef = 51AA34702BC54BA30033316C /* ExampleA.swift */; };
		51AA34732BC54BD80033316C /* ExampleCommon.swift in Sources */ = {isa = PBXBuildFile; fileRef = 51AA34722BC54BD80033316C /* ExampleCommon.swift */; };
		51AA34752BC574EA0033316C /* ExampleB.swift in Sources */ = {isa = PBXBuildFile; fileRef = 51AA34742BC574EA0033316C /* ExampleB.swift */; };
/* End PBXBuildFile section */

/* Begin PBXContainerItemProxy section */
		51251E472BA205500058BB0A /* PBXContainerItemProxy */ = {
			isa = PBXContainerItemProxy;
			containerPortal = 51251E2E2BA2054F0058BB0A /* Project object */;
			proxyType = 1;
			remoteGlobalIDString = 51251E352BA2054F0058BB0A;
			remoteInfo = CoordinatedNavigationExample;
		};
		51251E512BA205500058BB0A /* PBXContainerItemProxy */ = {
			isa = PBXContainerItemProxy;
			containerPortal = 51251E2E2BA2054F0058BB0A /* Project object */;
			proxyType = 1;
			remoteGlobalIDString = 51251E352BA2054F0058BB0A;
			remoteInfo = CoordinatedNavigationExample;
		};
/* End PBXContainerItemProxy section */

/* Begin PBXFileReference section */
		51251E362BA2054F0058BB0A /* CoordinatedNavigationExample.app */ = {isa = PBXFileReference; explicitFileType = wrapper.application; includeInIndex = 0; path = CoordinatedNavigationExample.app; sourceTree = BUILT_PRODUCTS_DIR; };
		51251E392BA2054F0058BB0A /* CoordinatedNavigationExampleApp.swift */ = {isa = PBXFileReference; lastKnownFileType = sourcecode.swift; path = CoordinatedNavigationExampleApp.swift; sourceTree = "<group>"; };
		51251E3D2BA205500058BB0A /* Assets.xcassets */ = {isa = PBXFileReference; lastKnownFileType = folder.assetcatalog; path = Assets.xcassets; sourceTree = "<group>"; };
		51251E402BA205500058BB0A /* Preview Assets.xcassets */ = {isa = PBXFileReference; lastKnownFileType = folder.assetcatalog; path = "Preview Assets.xcassets"; sourceTree = "<group>"; };
		51251E462BA205500058BB0A /* CoordinatedNavigationExampleTests.xctest */ = {isa = PBXFileReference; explicitFileType = wrapper.cfbundle; includeInIndex = 0; path = CoordinatedNavigationExampleTests.xctest; sourceTree = BUILT_PRODUCTS_DIR; };
		51251E4A2BA205500058BB0A /* CoordinatedNavigationExampleTests.swift */ = {isa = PBXFileReference; lastKnownFileType = sourcecode.swift; path = CoordinatedNavigationExampleTests.swift; sourceTree = "<group>"; };
		51251E502BA205500058BB0A /* CoordinatedNavigationExampleUITests.xctest */ = {isa = PBXFileReference; explicitFileType = wrapper.cfbundle; includeInIndex = 0; path = CoordinatedNavigationExampleUITests.xctest; sourceTree = BUILT_PRODUCTS_DIR; };
		51251E542BA205500058BB0A /* CoordinatedNavigationExampleUITests.swift */ = {isa = PBXFileReference; lastKnownFileType = sourcecode.swift; path = CoordinatedNavigationExampleUITests.swift; sourceTree = "<group>"; };
		51251E562BA205500058BB0A /* CoordinatedNavigationExampleUITestsLaunchTests.swift */ = {isa = PBXFileReference; lastKnownFileType = sourcecode.swift; path = CoordinatedNavigationExampleUITestsLaunchTests.swift; sourceTree = "<group>"; };
		51531C1F2BD5A17C00B39395 /* ExampleC.swift */ = {isa = PBXFileReference; lastKnownFileType = sourcecode.swift; path = ExampleC.swift; sourceTree = "<group>"; };
		51AA34702BC54BA30033316C /* ExampleA.swift */ = {isa = PBXFileReference; lastKnownFileType = sourcecode.swift; path = ExampleA.swift; sourceTree = "<group>"; };
		51AA34722BC54BD80033316C /* ExampleCommon.swift */ = {isa = PBXFileReference; lastKnownFileType = sourcecode.swift; path = ExampleCommon.swift; sourceTree = "<group>"; };
		51AA34742BC574EA0033316C /* ExampleB.swift */ = {isa = PBXFileReference; lastKnownFileType = sourcecode.swift; path = ExampleB.swift; sourceTree = "<group>"; };
/* End PBXFileReference section */

/* Begin PBXFrameworksBuildPhase section */
		51251E332BA2054F0058BB0A /* Frameworks */ = {
			isa = PBXFrameworksBuildPhase;
			buildActionMask = 2147483647;
			files = (
				51321FDB2BD1539600DE29C2 /* CoordinatedNavigation in Frameworks */,
			);
			runOnlyForDeploymentPostprocessing = 0;
		};
		51251E432BA205500058BB0A /* Frameworks */ = {
			isa = PBXFrameworksBuildPhase;
			buildActionMask = 2147483647;
			files = (
			);
			runOnlyForDeploymentPostprocessing = 0;
		};
		51251E4D2BA205500058BB0A /* Frameworks */ = {
			isa = PBXFrameworksBuildPhase;
			buildActionMask = 2147483647;
			files = (
			);
			runOnlyForDeploymentPostprocessing = 0;
		};
/* End PBXFrameworksBuildPhase section */

/* Begin PBXGroup section */
		51251E2D2BA2054F0058BB0A = {
			isa = PBXGroup;
			children = (
				51251E382BA2054F0058BB0A /* CoordinatedNavigationExample */,
				51251E492BA205500058BB0A /* CoordinatedNavigationExampleTests */,
				51251E532BA205500058BB0A /* CoordinatedNavigationExampleUITests */,
				51251E372BA2054F0058BB0A /* Products */,
			);
			sourceTree = "<group>";
		};
		51251E372BA2054F0058BB0A /* Products */ = {
			isa = PBXGroup;
			children = (
				51251E362BA2054F0058BB0A /* CoordinatedNavigationExample.app */,
				51251E462BA205500058BB0A /* CoordinatedNavigationExampleTests.xctest */,
				51251E502BA205500058BB0A /* CoordinatedNavigationExampleUITests.xctest */,
			);
			name = Products;
			sourceTree = "<group>";
		};
		51251E382BA2054F0058BB0A /* CoordinatedNavigationExample */ = {
			isa = PBXGroup;
			children = (
				51251E392BA2054F0058BB0A /* CoordinatedNavigationExampleApp.swift */,
				51AA34702BC54BA30033316C /* ExampleA.swift */,
				51AA34742BC574EA0033316C /* ExampleB.swift */,
				51531C1F2BD5A17C00B39395 /* ExampleC.swift */,
				51AA34722BC54BD80033316C /* ExampleCommon.swift */,
				51251E3D2BA205500058BB0A /* Assets.xcassets */,
				51251E3F2BA205500058BB0A /* Preview Content */,
			);
			path = CoordinatedNavigationExample;
			sourceTree = "<group>";
		};
		51251E3F2BA205500058BB0A /* Preview Content */ = {
			isa = PBXGroup;
			children = (
				51251E402BA205500058BB0A /* Preview Assets.xcassets */,
			);
			path = "Preview Content";
			sourceTree = "<group>";
		};
		51251E492BA205500058BB0A /* CoordinatedNavigationExampleTests */ = {
			isa = PBXGroup;
			children = (
				51251E4A2BA205500058BB0A /* CoordinatedNavigationExampleTests.swift */,
			);
			path = CoordinatedNavigationExampleTests;
			sourceTree = "<group>";
		};
		51251E532BA205500058BB0A /* CoordinatedNavigationExampleUITests */ = {
			isa = PBXGroup;
			children = (
				51251E542BA205500058BB0A /* CoordinatedNavigationExampleUITests.swift */,
				51251E562BA205500058BB0A /* CoordinatedNavigationExampleUITestsLaunchTests.swift */,
			);
			path = CoordinatedNavigationExampleUITests;
			sourceTree = "<group>";
		};
/* End PBXGroup section */

/* Begin PBXNativeTarget section */
		51251E352BA2054F0058BB0A /* CoordinatedNavigationExample */ = {
			isa = PBXNativeTarget;
			buildConfigurationList = 51251E5A2BA205500058BB0A /* Build configuration list for PBXNativeTarget "CoordinatedNavigationExample" */;
			buildPhases = (
				51251E322BA2054F0058BB0A /* Sources */,
				51251E332BA2054F0058BB0A /* Frameworks */,
				51251E342BA2054F0058BB0A /* Resources */,
			);
			buildRules = (
			);
			dependencies = (
			);
			name = CoordinatedNavigationExample;
			packageProductDependencies = (
				51321FDA2BD1539600DE29C2 /* CoordinatedNavigation */,
			);
			productName = CoordinatedNavigationExample;
			productReference = 51251E362BA2054F0058BB0A /* CoordinatedNavigationExample.app */;
			productType = "com.apple.product-type.application";
		};
		51251E452BA205500058BB0A /* CoordinatedNavigationExampleTests */ = {
			isa = PBXNativeTarget;
			buildConfigurationList = 51251E5D2BA205500058BB0A /* Build configuration list for PBXNativeTarget "CoordinatedNavigationExampleTests" */;
			buildPhases = (
				51251E422BA205500058BB0A /* Sources */,
				51251E432BA205500058BB0A /* Frameworks */,
				51251E442BA205500058BB0A /* Resources */,
			);
			buildRules = (
			);
			dependencies = (
				51251E482BA205500058BB0A /* PBXTargetDependency */,
			);
			name = CoordinatedNavigationExampleTests;
			productName = CoordinatedNavigationExampleTests;
			productReference = 51251E462BA205500058BB0A /* CoordinatedNavigationExampleTests.xctest */;
			productType = "com.apple.product-type.bundle.unit-test";
		};
		51251E4F2BA205500058BB0A /* CoordinatedNavigationExampleUITests */ = {
			isa = PBXNativeTarget;
			buildConfigurationList = 51251E602BA205500058BB0A /* Build configuration list for PBXNativeTarget "CoordinatedNavigationExampleUITests" */;
			buildPhases = (
				51251E4C2BA205500058BB0A /* Sources */,
				51251E4D2BA205500058BB0A /* Frameworks */,
				51251E4E2BA205500058BB0A /* Resources */,
			);
			buildRules = (
			);
			dependencies = (
				51251E522BA205500058BB0A /* PBXTargetDependency */,
			);
			name = CoordinatedNavigationExampleUITests;
			productName = CoordinatedNavigationExampleUITests;
			productReference = 51251E502BA205500058BB0A /* CoordinatedNavigationExampleUITests.xctest */;
			productType = "com.apple.product-type.bundle.ui-testing";
		};
/* End PBXNativeTarget section */

/* Begin PBXProject section */
		51251E2E2BA2054F0058BB0A /* Project object */ = {
			isa = PBXProject;
			attributes = {
				BuildIndependentTargetsInParallel = 1;
				LastSwiftUpdateCheck = 1500;
				LastUpgradeCheck = 1500;
				TargetAttributes = {
					51251E352BA2054F0058BB0A = {
						CreatedOnToolsVersion = 15.0;
					};
					51251E452BA205500058BB0A = {
						CreatedOnToolsVersion = 15.0;
						TestTargetID = 51251E352BA2054F0058BB0A;
					};
					51251E4F2BA205500058BB0A = {
						CreatedOnToolsVersion = 15.0;
						TestTargetID = 51251E352BA2054F0058BB0A;
					};
				};
			};
			buildConfigurationList = 51251E312BA2054F0058BB0A /* Build configuration list for PBXProject "CoordinatedNavigationExample" */;
			compatibilityVersion = "Xcode 14.0";
			developmentRegion = en;
			hasScannedForEncodings = 0;
			knownRegions = (
				en,
				Base,
			);
			mainGroup = 51251E2D2BA2054F0058BB0A;
			packageReferences = (
				51321FD92BD1539600DE29C2 /* XCLocalSwiftPackageReference ".." */,
			);
			productRefGroup = 51251E372BA2054F0058BB0A /* Products */;
			projectDirPath = "";
			projectRoot = "";
			targets = (
				51251E352BA2054F0058BB0A /* CoordinatedNavigationExample */,
				51251E452BA205500058BB0A /* CoordinatedNavigationExampleTests */,
				51251E4F2BA205500058BB0A /* CoordinatedNavigationExampleUITests */,
			);
		};
/* End PBXProject section */

/* Begin PBXResourcesBuildPhase section */
		51251E342BA2054F0058BB0A /* Resources */ = {
			isa = PBXResourcesBuildPhase;
			buildActionMask = 2147483647;
			files = (
				51251E412BA205500058BB0A /* Preview Assets.xcassets in Resources */,
				51251E3E2BA205500058BB0A /* Assets.xcassets in Resources */,
			);
			runOnlyForDeploymentPostprocessing = 0;
		};
		51251E442BA205500058BB0A /* Resources */ = {
			isa = PBXResourcesBuildPhase;
			buildActionMask = 2147483647;
			files = (
			);
			runOnlyForDeploymentPostprocessing = 0;
		};
		51251E4E2BA205500058BB0A /* Resources */ = {
			isa = PBXResourcesBuildPhase;
			buildActionMask = 2147483647;
			files = (
			);
			runOnlyForDeploymentPostprocessing = 0;
		};
/* End PBXResourcesBuildPhase section */

/* Begin PBXSourcesBuildPhase section */
		51251E322BA2054F0058BB0A /* Sources */ = {
			isa = PBXSourcesBuildPhase;
			buildActionMask = 2147483647;
			files = (
				51AA34712BC54BA30033316C /* ExampleA.swift in Sources */,
				51AA34732BC54BD80033316C /* ExampleCommon.swift in Sources */,
				51251E3A2BA2054F0058BB0A /* CoordinatedNavigationExampleApp.swift in Sources */,
				51531C202BD5A17C00B39395 /* ExampleC.swift in Sources */,
				51AA34752BC574EA0033316C /* ExampleB.swift in Sources */,
			);
			runOnlyForDeploymentPostprocessing = 0;
		};
		51251E422BA205500058BB0A /* Sources */ = {
			isa = PBXSourcesBuildPhase;
			buildActionMask = 2147483647;
			files = (
				51251E4B2BA205500058BB0A /* CoordinatedNavigationExampleTests.swift in Sources */,
			);
			runOnlyForDeploymentPostprocessing = 0;
		};
		51251E4C2BA205500058BB0A /* Sources */ = {
			isa = PBXSourcesBuildPhase;
			buildActionMask = 2147483647;
			files = (
				51251E572BA205500058BB0A /* CoordinatedNavigationExampleUITestsLaunchTests.swift in Sources */,
				51251E552BA205500058BB0A /* CoordinatedNavigationExampleUITests.swift in Sources */,
			);
			runOnlyForDeploymentPostprocessing = 0;
		};
/* End PBXSourcesBuildPhase section */

/* Begin PBXTargetDependency section */
		51251E482BA205500058BB0A /* PBXTargetDependency */ = {
			isa = PBXTargetDependency;
			target = 51251E352BA2054F0058BB0A /* CoordinatedNavigationExample */;
			targetProxy = 51251E472BA205500058BB0A /* PBXContainerItemProxy */;
		};
		51251E522BA205500058BB0A /* PBXTargetDependency */ = {
			isa = PBXTargetDependency;
			target = 51251E352BA2054F0058BB0A /* CoordinatedNavigationExample */;
			targetProxy = 51251E512BA205500058BB0A /* PBXContainerItemProxy */;
		};
/* End PBXTargetDependency section */

/* Begin XCBuildConfiguration section */
		51251E582BA205500058BB0A /* Debug */ = {
			isa = XCBuildConfiguration;
			buildSettings = {
				ALWAYS_SEARCH_USER_PATHS = NO;
				ASSETCATALOG_COMPILER_GENERATE_SWIFT_ASSET_SYMBOL_EXTENSIONS = YES;
				CLANG_ANALYZER_NONNULL = YES;
				CLANG_ANALYZER_NUMBER_OBJECT_CONVERSION = YES_AGGRESSIVE;
				CLANG_CXX_LANGUAGE_STANDARD = "gnu++20";
				CLANG_ENABLE_MODULES = YES;
				CLANG_ENABLE_OBJC_ARC = YES;
				CLANG_ENABLE_OBJC_WEAK = YES;
				CLANG_WARN_BLOCK_CAPTURE_AUTORELEASING = YES;
				CLANG_WARN_BOOL_CONVERSION = YES;
				CLANG_WARN_COMMA = YES;
				CLANG_WARN_CONSTANT_CONVERSION = YES;
				CLANG_WARN_DEPRECATED_OBJC_IMPLEMENTATIONS = YES;
				CLANG_WARN_DIRECT_OBJC_ISA_USAGE = YES_ERROR;
				CLANG_WARN_DOCUMENTATION_COMMENTS = YES;
				CLANG_WARN_EMPTY_BODY = YES;
				CLANG_WARN_ENUM_CONVERSION = YES;
				CLANG_WARN_INFINITE_RECURSION = YES;
				CLANG_WARN_INT_CONVERSION = YES;
				CLANG_WARN_NON_LITERAL_NULL_CONVERSION = YES;
				CLANG_WARN_OBJC_IMPLICIT_RETAIN_SELF = YES;
				CLANG_WARN_OBJC_LITERAL_CONVERSION = YES;
				CLANG_WARN_OBJC_ROOT_CLASS = YES_ERROR;
				CLANG_WARN_QUOTED_INCLUDE_IN_FRAMEWORK_HEADER = YES;
				CLANG_WARN_RANGE_LOOP_ANALYSIS = YES;
				CLANG_WARN_STRICT_PROTOTYPES = YES;
				CLANG_WARN_SUSPICIOUS_MOVE = YES;
				CLANG_WARN_UNGUARDED_AVAILABILITY = YES_AGGRESSIVE;
				CLANG_WARN_UNREACHABLE_CODE = YES;
				CLANG_WARN__DUPLICATE_METHOD_MATCH = YES;
				COPY_PHASE_STRIP = NO;
				DEBUG_INFORMATION_FORMAT = dwarf;
				ENABLE_STRICT_OBJC_MSGSEND = YES;
				ENABLE_TESTABILITY = YES;
				ENABLE_USER_SCRIPT_SANDBOXING = YES;
				GCC_C_LANGUAGE_STANDARD = gnu17;
				GCC_DYNAMIC_NO_PIC = NO;
				GCC_NO_COMMON_BLOCKS = YES;
				GCC_OPTIMIZATION_LEVEL = 0;
				GCC_PREPROCESSOR_DEFINITIONS = (
					"DEBUG=1",
					"$(inherited)",
				);
				GCC_WARN_64_TO_32_BIT_CONVERSION = YES;
				GCC_WARN_ABOUT_RETURN_TYPE = YES_ERROR;
				GCC_WARN_UNDECLARED_SELECTOR = YES;
				GCC_WARN_UNINITIALIZED_AUTOS = YES_AGGRESSIVE;
				GCC_WARN_UNUSED_FUNCTION = YES;
				GCC_WARN_UNUSED_VARIABLE = YES;
				IPHONEOS_DEPLOYMENT_TARGET = 17.0;
				LOCALIZATION_PREFERS_STRING_CATALOGS = YES;
				MTL_ENABLE_DEBUG_INFO = INCLUDE_SOURCE;
				MTL_FAST_MATH = YES;
				ONLY_ACTIVE_ARCH = YES;
				SDKROOT = iphoneos;
				SWIFT_ACTIVE_COMPILATION_CONDITIONS = "DEBUG $(inherited)";
				SWIFT_OPTIMIZATION_LEVEL = "-Onone";
			};
			name = Debug;
		};
		51251E592BA205500058BB0A /* Release */ = {
			isa = XCBuildConfiguration;
			buildSettings = {
				ALWAYS_SEARCH_USER_PATHS = NO;
				ASSETCATALOG_COMPILER_GENERATE_SWIFT_ASSET_SYMBOL_EXTENSIONS = YES;
				CLANG_ANALYZER_NONNULL = YES;
				CLANG_ANALYZER_NUMBER_OBJECT_CONVERSION = YES_AGGRESSIVE;
				CLANG_CXX_LANGUAGE_STANDARD = "gnu++20";
				CLANG_ENABLE_MODULES = YES;
				CLANG_ENABLE_OBJC_ARC = YES;
				CLANG_ENABLE_OBJC_WEAK = YES;
				CLANG_WARN_BLOCK_CAPTURE_AUTORELEASING = YES;
				CLANG_WARN_BOOL_CONVERSION = YES;
				CLANG_WARN_COMMA = YES;
				CLANG_WARN_CONSTANT_CONVERSION = YES;
				CLANG_WARN_DEPRECATED_OBJC_IMPLEMENTATIONS = YES;
				CLANG_WARN_DIRECT_OBJC_ISA_USAGE = YES_ERROR;
				CLANG_WARN_DOCUMENTATION_COMMENTS = YES;
				CLANG_WARN_EMPTY_BODY = YES;
				CLANG_WARN_ENUM_CONVERSION = YES;
				CLANG_WARN_INFINITE_RECURSION = YES;
				CLANG_WARN_INT_CONVERSION = YES;
				CLANG_WARN_NON_LITERAL_NULL_CONVERSION = YES;
				CLANG_WARN_OBJC_IMPLICIT_RETAIN_SELF = YES;
				CLANG_WARN_OBJC_LITERAL_CONVERSION = YES;
				CLANG_WARN_OBJC_ROOT_CLASS = YES_ERROR;
				CLANG_WARN_QUOTED_INCLUDE_IN_FRAMEWORK_HEADER = YES;
				CLANG_WARN_RANGE_LOOP_ANALYSIS = YES;
				CLANG_WARN_STRICT_PROTOTYPES = YES;
				CLANG_WARN_SUSPICIOUS_MOVE = YES;
				CLANG_WARN_UNGUARDED_AVAILABILITY = YES_AGGRESSIVE;
				CLANG_WARN_UNREACHABLE_CODE = YES;
				CLANG_WARN__DUPLICATE_METHOD_MATCH = YES;
				COPY_PHASE_STRIP = NO;
				DEBUG_INFORMATION_FORMAT = "dwarf-with-dsym";
				ENABLE_NS_ASSERTIONS = NO;
				ENABLE_STRICT_OBJC_MSGSEND = YES;
				ENABLE_USER_SCRIPT_SANDBOXING = YES;
				GCC_C_LANGUAGE_STANDARD = gnu17;
				GCC_NO_COMMON_BLOCKS = YES;
				GCC_WARN_64_TO_32_BIT_CONVERSION = YES;
				GCC_WARN_ABOUT_RETURN_TYPE = YES_ERROR;
				GCC_WARN_UNDECLARED_SELECTOR = YES;
				GCC_WARN_UNINITIALIZED_AUTOS = YES_AGGRESSIVE;
				GCC_WARN_UNUSED_FUNCTION = YES;
				GCC_WARN_UNUSED_VARIABLE = YES;
				IPHONEOS_DEPLOYMENT_TARGET = 17.0;
				LOCALIZATION_PREFERS_STRING_CATALOGS = YES;
				MTL_ENABLE_DEBUG_INFO = NO;
				MTL_FAST_MATH = YES;
				SDKROOT = iphoneos;
				SWIFT_COMPILATION_MODE = wholemodule;
				VALIDATE_PRODUCT = YES;
			};
			name = Release;
		};
		51251E5B2BA205500058BB0A /* Debug */ = {
			isa = XCBuildConfiguration;
			buildSettings = {
				ASSETCATALOG_COMPILER_APPICON_NAME = AppIcon;
				ASSETCATALOG_COMPILER_GLOBAL_ACCENT_COLOR_NAME = AccentColor;
				CODE_SIGN_STYLE = Automatic;
				CURRENT_PROJECT_VERSION = 1;
				DEVELOPMENT_ASSET_PATHS = "\"CoordinatedNavigationExample/Preview Content\"";
				DEVELOPMENT_TEAM = FKN452Y24G;
				ENABLE_PREVIEWS = YES;
				GENERATE_INFOPLIST_FILE = YES;
				INFOPLIST_KEY_UIApplicationSceneManifest_Generation = YES;
				INFOPLIST_KEY_UIApplicationSupportsIndirectInputEvents = YES;
				INFOPLIST_KEY_UILaunchScreen_Generation = YES;
				INFOPLIST_KEY_UISupportedInterfaceOrientations_iPad = "UIInterfaceOrientationPortrait UIInterfaceOrientationPortraitUpsideDown UIInterfaceOrientationLandscapeLeft UIInterfaceOrientationLandscapeRight";
				INFOPLIST_KEY_UISupportedInterfaceOrientations_iPhone = "UIInterfaceOrientationPortrait UIInterfaceOrientationLandscapeLeft UIInterfaceOrientationLandscapeRight";
				LD_RUNPATH_SEARCH_PATHS = (
					"$(inherited)",
					"@executable_path/Frameworks",
				);
				MARKETING_VERSION = 1.0;
				PRODUCT_BUNDLE_IDENTIFIER = com.eloiguzman.CoordinatedNavigationExample;
				PRODUCT_NAME = "$(TARGET_NAME)";
				SWIFT_EMIT_LOC_STRINGS = YES;
				SWIFT_VERSION = 5.0;
				TARGETED_DEVICE_FAMILY = "1,2";
			};
			name = Debug;
		};
		51251E5C2BA205500058BB0A /* Release */ = {
			isa = XCBuildConfiguration;
			buildSettings = {
				ASSETCATALOG_COMPILER_APPICON_NAME = AppIcon;
				ASSETCATALOG_COMPILER_GLOBAL_ACCENT_COLOR_NAME = AccentColor;
				CODE_SIGN_STYLE = Automatic;
				CURRENT_PROJECT_VERSION = 1;
				DEVELOPMENT_ASSET_PATHS = "\"CoordinatedNavigationExample/Preview Content\"";
				DEVELOPMENT_TEAM = FKN452Y24G;
				ENABLE_PREVIEWS = YES;
				GENERATE_INFOPLIST_FILE = YES;
				INFOPLIST_KEY_UIApplicationSceneManifest_Generation = YES;
				INFOPLIST_KEY_UIApplicationSupportsIndirectInputEvents = YES;
				INFOPLIST_KEY_UILaunchScreen_Generation = YES;
				INFOPLIST_KEY_UISupportedInterfaceOrientations_iPad = "UIInterfaceOrientationPortrait UIInterfaceOrientationPortraitUpsideDown UIInterfaceOrientationLandscapeLeft UIInterfaceOrientationLandscapeRight";
				INFOPLIST_KEY_UISupportedInterfaceOrientations_iPhone = "UIInterfaceOrientationPortrait UIInterfaceOrientationLandscapeLeft UIInterfaceOrientationLandscapeRight";
				LD_RUNPATH_SEARCH_PATHS = (
					"$(inherited)",
					"@executable_path/Frameworks",
				);
				MARKETING_VERSION = 1.0;
				PRODUCT_BUNDLE_IDENTIFIER = com.eloiguzman.CoordinatedNavigationExample;
				PRODUCT_NAME = "$(TARGET_NAME)";
				SWIFT_EMIT_LOC_STRINGS = YES;
				SWIFT_VERSION = 5.0;
				TARGETED_DEVICE_FAMILY = "1,2";
			};
			name = Release;
		};
		51251E5E2BA205500058BB0A /* Debug */ = {
			isa = XCBuildConfiguration;
			buildSettings = {
				ALWAYS_EMBED_SWIFT_STANDARD_LIBRARIES = YES;
				BUNDLE_LOADER = "$(TEST_HOST)";
				CODE_SIGN_STYLE = Automatic;
				CURRENT_PROJECT_VERSION = 1;
				DEVELOPMENT_TEAM = FKN452Y24G;
				GENERATE_INFOPLIST_FILE = YES;
				IPHONEOS_DEPLOYMENT_TARGET = 17.0;
				MARKETING_VERSION = 1.0;
				PRODUCT_BUNDLE_IDENTIFIER = com.eloiguzman.CoordinatedNavigationExampleTests;
				PRODUCT_NAME = "$(TARGET_NAME)";
				SWIFT_EMIT_LOC_STRINGS = NO;
				SWIFT_VERSION = 5.0;
				TARGETED_DEVICE_FAMILY = "1,2";
				TEST_HOST = "$(BUILT_PRODUCTS_DIR)/CoordinatedNavigationExample.app/$(BUNDLE_EXECUTABLE_FOLDER_PATH)/CoordinatedNavigationExample";
			};
			name = Debug;
		};
		51251E5F2BA205500058BB0A /* Release */ = {
			isa = XCBuildConfiguration;
			buildSettings = {
				ALWAYS_EMBED_SWIFT_STANDARD_LIBRARIES = YES;
				BUNDLE_LOADER = "$(TEST_HOST)";
				CODE_SIGN_STYLE = Automatic;
				CURRENT_PROJECT_VERSION = 1;
				DEVELOPMENT_TEAM = FKN452Y24G;
				GENERATE_INFOPLIST_FILE = YES;
				IPHONEOS_DEPLOYMENT_TARGET = 17.0;
				MARKETING_VERSION = 1.0;
				PRODUCT_BUNDLE_IDENTIFIER = com.eloiguzman.CoordinatedNavigationExampleTests;
				PRODUCT_NAME = "$(TARGET_NAME)";
				SWIFT_EMIT_LOC_STRINGS = NO;
				SWIFT_VERSION = 5.0;
				TARGETED_DEVICE_FAMILY = "1,2";
				TEST_HOST = "$(BUILT_PRODUCTS_DIR)/CoordinatedNavigationExample.app/$(BUNDLE_EXECUTABLE_FOLDER_PATH)/CoordinatedNavigationExample";
			};
			name = Release;
		};
		51251E612BA205500058BB0A /* Debug */ = {
			isa = XCBuildConfiguration;
			buildSettings = {
				ALWAYS_EMBED_SWIFT_STANDARD_LIBRARIES = YES;
				CODE_SIGN_STYLE = Automatic;
				CURRENT_PROJECT_VERSION = 1;
				DEVELOPMENT_TEAM = FKN452Y24G;
				GENERATE_INFOPLIST_FILE = YES;
				MARKETING_VERSION = 1.0;
				PRODUCT_BUNDLE_IDENTIFIER = com.eloiguzman.CoordinatedNavigationExampleUITests;
				PRODUCT_NAME = "$(TARGET_NAME)";
				SWIFT_EMIT_LOC_STRINGS = NO;
				SWIFT_VERSION = 5.0;
				TARGETED_DEVICE_FAMILY = "1,2";
				TEST_TARGET_NAME = CoordinatedNavigationExample;
			};
			name = Debug;
		};
		51251E622BA205500058BB0A /* Release */ = {
			isa = XCBuildConfiguration;
			buildSettings = {
				ALWAYS_EMBED_SWIFT_STANDARD_LIBRARIES = YES;
				CODE_SIGN_STYLE = Automatic;
				CURRENT_PROJECT_VERSION = 1;
				DEVELOPMENT_TEAM = FKN452Y24G;
				GENERATE_INFOPLIST_FILE = YES;
				MARKETING_VERSION = 1.0;
				PRODUCT_BUNDLE_IDENTIFIER = com.eloiguzman.CoordinatedNavigationExampleUITests;
				PRODUCT_NAME = "$(TARGET_NAME)";
				SWIFT_EMIT_LOC_STRINGS = NO;
				SWIFT_VERSION = 5.0;
				TARGETED_DEVICE_FAMILY = "1,2";
				TEST_TARGET_NAME = CoordinatedNavigationExample;
			};
			name = Release;
		};
/* End XCBuildConfiguration section */

/* Begin XCConfigurationList section */
		51251E312BA2054F0058BB0A /* Build configuration list for PBXProject "CoordinatedNavigationExample" */ = {
			isa = XCConfigurationList;
			buildConfigurations = (
				51251E582BA205500058BB0A /* Debug */,
				51251E592BA205500058BB0A /* Release */,
			);
			defaultConfigurationIsVisible = 0;
			defaultConfigurationName = Release;
		};
		51251E5A2BA205500058BB0A /* Build configuration list for PBXNativeTarget "CoordinatedNavigationExample" */ = {
			isa = XCConfigurationList;
			buildConfigurations = (
				51251E5B2BA205500058BB0A /* Debug */,
				51251E5C2BA205500058BB0A /* Release */,
			);
			defaultConfigurationIsVisible = 0;
			defaultConfigurationName = Release;
		};
		51251E5D2BA205500058BB0A /* Build configuration list for PBXNativeTarget "CoordinatedNavigationExampleTests" */ = {
			isa = XCConfigurationList;
			buildConfigurations = (
				51251E5E2BA205500058BB0A /* Debug */,
				51251E5F2BA205500058BB0A /* Release */,
			);
			defaultConfigurationIsVisible = 0;
			defaultConfigurationName = Release;
		};
		51251E602BA205500058BB0A /* Build configuration list for PBXNativeTarget "CoordinatedNavigationExampleUITests" */ = {
			isa = XCConfigurationList;
			buildConfigurations = (
				51251E612BA205500058BB0A /* Debug */,
				51251E622BA205500058BB0A /* Release */,
			);
			defaultConfigurationIsVisible = 0;
			defaultConfigurationName = Release;
		};
/* End XCConfigurationList section */

/* Begin XCLocalSwiftPackageReference section */
		51321FD92BD1539600DE29C2 /* XCLocalSwiftPackageReference ".." */ = {
			isa = XCLocalSwiftPackageReference;
			relativePath = ..;
		};
/* End XCLocalSwiftPackageReference section */

/* Begin XCSwiftPackageProductDependency section */
		51321FDA2BD1539600DE29C2 /* CoordinatedNavigation */ = {
			isa = XCSwiftPackageProductDependency;
			productName = CoordinatedNavigation;
		};
/* End XCSwiftPackageProductDependency section */
	};
	rootObject = 51251E2E2BA2054F0058BB0A /* Project object */;
}
